
Microsoft Visual Studio Solution File, Format Version 12.00
# Visual Studio Version 17
VisualStudioVersion = 17.4.33205.214
MinimumVisualStudioVersion = 10.0.40219.1
Project("{FAE04EC0-301F-11D3-BF4B-00C04F79EFBC}") = "Cube.Timer", "Cube.Timer\Cube.Timer.csproj", "{C584FD50-2FB5-4CBC-BD5B-C94FB9FB6F0C}"
EndProject
Project("{9A19103F-16F7-4668-BE54-9A1E7A4F7556}") = "Test.Cube.Timer", "Test.Cube.Timer\Test.Cube.Timer.csproj", "{70F178D9-84D4-4231-89A0-5AFE83541B07}"
EndProject
Global
	GlobalSection(SolutionConfigurationPlatforms) = preSolution
		Debug|Any CPU = Debug|Any CPU
		Release|Any CPU = Release|Any CPU
	EndGlobalSection
	GlobalSection(ProjectConfigurationPlatforms) = postSolution
		{C584FD50-2FB5-4CBC-BD5B-C94FB9FB6F0C}.Debug|Any CPU.ActiveCfg = Debug|Any CPU
		{C584FD50-2FB5-4CBC-BD5B-C94FB9FB6F0C}.Debug|Any CPU.Build.0 = Debug|Any CPU
		{C584FD50-2FB5-4CBC-BD5B-C94FB9FB6F0C}.Release|Any CPU.ActiveCfg = Release|Any CPU
		{C584FD50-2FB5-4CBC-BD5B-C94FB9FB6F0C}.Release|Any CPU.Build.0 = Release|Any CPU
		{70F178D9-84D4-4231-89A0-5AFE83541B07}.Debug|Any CPU.ActiveCfg = Debug|Any CPU
		{70F178D9-84D4-4231-89A0-5AFE83541B07}.Debug|Any CPU.Build.0 = Debug|Any CPU
		{70F178D9-84D4-4231-89A0-5AFE83541B07}.Release|Any CPU.ActiveCfg = Release|Any CPU
		{70F178D9-84D4-4231-89A0-5AFE83541B07}.Release|Any CPU.Build.0 = Release|Any CPU
	EndGlobalSection
	GlobalSection(SolutionProperties) = preSolution
		HideSolutionNode = FALSE
	EndGlobalSection
	GlobalSection(ExtensibilityGlobals) = postSolution
		SolutionGuid = {CAAB322D-2EC5-46D0-9E2C-21DC856AE017}
	EndGlobalSection
EndGlobal
